github.com/mactsouk/go v0.0.0-20180603081621-6a282087f7bd h1:TqJGx/jAxlJ3RNL7pS7XZQlvtH8rL/dUsA8wPe9W4y0=
github.com/mactsouk/go v0.0.0-20180603081621-6a282087f7bd/go.mod h1:TRtlPc1xi1zOQdbA/cIxGdS+fCaIZDQUpMrFlET5dbI=
github.com/mattn/go-sqlite3 v1.14.8 h1:gDp86IdQsN/xWjIEmr9MF6o9mpksUgh0fu+9ByFxzIU=
github.com/mattn/go-sqlite3 v1.14.8/go.mod h1:NyWgC/yNuGj7Q9rpYnZvas74GogHl5/Z4A/KQRfk6bU=
